
Microsoft Visual Studio Solution File, Format Version 12.00
# Visual Studio 15
VisualStudioVersion = 15.0.27004.2006
MinimumVisualStudioVersion = 10.0.40219.1
Project("{FAE04EC0-301F-11D3-BF4B-00C04F79EFBC}") = "VVVV.OBJ", "VVVV.OBJ\VVVV.OBJ.csproj", "{7871048B-8BB9-49CC-9330-E34A6E42F6FE}"
EndProject
Global
	GlobalSection(SolutionConfigurationPlatforms) = preSolution
		Debug|Any CPU = Debug|Any CPU
		Debug|x64 = Debug|x64
		Release|Any CPU = Release|Any CPU
		Release|x64 = Release|x64
	EndGlobalSection
	GlobalSection(ProjectConfigurationPlatforms) = postSolution
		{7871048B-8BB9-49CC-9330-E34A6E42F6FE}.Debug|Any CPU.ActiveCfg = Debug|Any CPU
		{7871048B-8BB9-49CC-9330-E34A6E42F6FE}.Debug|Any CPU.Build.0 = Debug|Any CPU
		{7871048B-8BB9-49CC-9330-E34A6E42F6FE}.Debug|x64.ActiveCfg = Debug|x64
		{7871048B-8BB9-49CC-9330-E34A6E42F6FE}.Debug|x64.Build.0 = Debug|x64
		{7871048B-8BB9-49CC-9330-E34A6E42F6FE}.Release|Any CPU.ActiveCfg = Release|Any CPU
		{7871048B-8BB9-49CC-9330-E34A6E42F6FE}.Release|Any CPU.Build.0 = Release|Any CPU
		{7871048B-8BB9-49CC-9330-E34A6E42F6FE}.Release|x64.ActiveCfg = Release|x64
		{7871048B-8BB9-49CC-9330-E34A6E42F6FE}.Release|x64.Build.0 = Release|x64
	EndGlobalSection
	GlobalSection(SolutionProperties) = preSolution
		HideSolutionNode = FALSE
	EndGlobalSection
	GlobalSection(ExtensibilityGlobals) = postSolution
		SolutionGuid = {1A520705-7027-4F9E-876D-4672E765F2AF}
	EndGlobalSection
EndGlobal
